
Microsoft Visual Studio Solution File, Format Version 12.00
# Visual Studio Version 16
VisualStudioVersion = 16.0.30804.86
MinimumVisualStudioVersion = 10.0.40219.1
Project("{8BC9CEB8-8B4A-11D0-8D11-00A0C91BC942}") = "RAIN128_Enc_Print", "RAIN128_Enc_Print\RAIN128_Enc_Print.vcxproj", "{092B5FDD-1E13-4F3F-875F-F4D4D87E4AB4}"
EndProject
Global
	GlobalSection(SolutionConfigurationPlatforms) = preSolution
		Debug|x64 = Debug|x64
		Debug|x86 = Debug|x86
		Release|x64 = Release|x64
		Release|x86 = Release|x86
	EndGlobalSection
	GlobalSection(ProjectConfigurationPlatforms) = postSolution
		{092B5FDD-1E13-4F3F-875F-F4D4D87E4AB4}.Debug|x64.ActiveCfg = Debug|x64
		{092B5FDD-1E13-4F3F-875F-F4D4D87E4AB4}.Debug|x64.Build.0 = Debug|x64
		{092B5FDD-1E13-4F3F-875F-F4D4D87E4AB4}.Debug|x86.ActiveCfg = Debug|Win32
		{092B5FDD-1E13-4F3F-875F-F4D4D87E4AB4}.Debug|x86.Build.0 = Debug|Win32
		{092B5FDD-1E13-4F3F-875F-F4D4D87E4AB4}.Release|x64.ActiveCfg = Release|x64
		{092B5FDD-1E13-4F3F-875F-F4D4D87E4AB4}.Release|x64.Build.0 = Release|x64
		{092B5FDD-1E13-4F3F-875F-F4D4D87E4AB4}.Release|x86.ActiveCfg = Release|Win32
		{092B5FDD-1E13-4F3F-875F-F4D4D87E4AB4}.Release|x86.Build.0 = Release|Win32
	EndGlobalSection
	GlobalSection(SolutionProperties) = preSolution
		HideSolutionNode = FALSE
	EndGlobalSection
	GlobalSection(ExtensibilityGlobals) = postSolution
		SolutionGuid = {3F40B7EB-46BC-42C3-984E-3C986E947C6D}
	EndGlobalSection
EndGlobal
